
Microsoft Visual Studio Solution File, Format Version 12.00
# Visual Studio Version 16
VisualStudioVersion = 16.0.30711.63
MinimumVisualStudioVersion = 10.0.40219.1
Project("{9A19103F-16F7-4668-BE54-9A1E7A4F7556}") = "Mundane.ViewEngines.Mustache", "src\Mundane.ViewEngines.Mustache\Mundane.ViewEngines.Mustache.csproj", "{D85D07AB-C898-4859-BA1C-460F061D136B}"
EndProject
Project("{9A19103F-16F7-4668-BE54-9A1E7A4F7556}") = "Mundane.ViewEngines.Mustache.Tests", "tests\Mundane.ViewEngines.Mustache.Tests\Mundane.ViewEngines.Mustache.Tests.csproj", "{079EF5E2-B302-425C-97E2-71F0F67C72DF}"
EndProject
Global
	GlobalSection(SolutionConfigurationPlatforms) = preSolution
		Debug|Any CPU = Debug|Any CPU
		Release|Any CPU = Release|Any CPU
	EndGlobalSection
	GlobalSection(ProjectConfigurationPlatforms) = postSolution
		{D85D07AB-C898-4859-BA1C-460F061D136B}.Debug|Any CPU.ActiveCfg = Debug|Any CPU
		{D85D07AB-C898-4859-BA1C-460F061D136B}.Debug|Any CPU.Build.0 = Debug|Any CPU
		{D85D07AB-C898-4859-BA1C-460F061D136B}.Release|Any CPU.ActiveCfg = Release|Any CPU
		{D85D07AB-C898-4859-BA1C-460F061D136B}.Release|Any CPU.Build.0 = Release|Any CPU
		{079EF5E2-B302-425C-97E2-71F0F67C72DF}.Debug|Any CPU.ActiveCfg = Debug|Any CPU
		{079EF5E2-B302-425C-97E2-71F0F67C72DF}.Debug|Any CPU.Build.0 = Debug|Any CPU
		{079EF5E2-B302-425C-97E2-71F0F67C72DF}.Release|Any CPU.ActiveCfg = Release|Any CPU
		{079EF5E2-B302-425C-97E2-71F0F67C72DF}.Release|Any CPU.Build.0 = Release|Any CPU
	EndGlobalSection
	GlobalSection(SolutionProperties) = preSolution
		HideSolutionNode = FALSE
	EndGlobalSection
	GlobalSection(ExtensibilityGlobals) = postSolution
		SolutionGuid = {D4E384DB-460C-4300-A0C4-64228D691EEB}
	EndGlobalSection
EndGlobal
